
Microsoft Visual Studio Solution File, Format Version 12.00
# Visual Studio Version 16
VisualStudioVersion = 16.0.29215.179
MinimumVisualStudioVersion = 10.0.40219.1
Project("{FAE04EC0-301F-11D3-BF4B-00C04F79EFBC}") = "DelegateLearningConsole", "DelegateLearningConsole.csproj", "{BA52795C-0589-4775-9AF0-DE8F12B26498}"
EndProject
Global
	GlobalSection(SolutionConfigurationPlatforms) = preSolution
		Debug|Any CPU = Debug|Any CPU
		Release|Any CPU = Release|Any CPU
	EndGlobalSection
	GlobalSection(ProjectConfigurationPlatforms) = postSolution
		{BA52795C-0589-4775-9AF0-DE8F12B26498}.Debug|Any CPU.ActiveCfg = Debug|Any CPU
		{BA52795C-0589-4775-9AF0-DE8F12B26498}.Debug|Any CPU.Build.0 = Debug|Any CPU
		{BA52795C-0589-4775-9AF0-DE8F12B26498}.Release|Any CPU.ActiveCfg = Release|Any CPU
		{BA52795C-0589-4775-9AF0-DE8F12B26498}.Release|Any CPU.Build.0 = Release|Any CPU
	EndGlobalSection
	GlobalSection(SolutionProperties) = preSolution
		HideSolutionNode = FALSE
	EndGlobalSection
	GlobalSection(ExtensibilityGlobals) = postSolution
		SolutionGuid = {45B7E585-0822-4986-8D29-7FF493F1B37C}
	EndGlobalSection
EndGlobal
